
Microsoft Visual Studio Solution File, Format Version 12.00
# Visual Studio Version 17
VisualStudioVersion = 17.5.33424.131
MinimumVisualStudioVersion = 10.0.40219.1
Project("{FAE04EC0-301F-11D3-BF4B-00C04F79EFBC}") = "CSharpCourse", "CSharpCourse\CSharpCourse.csproj", "{10E66AF7-517C-4270-B93C-691F757F1183}"
EndProject
Global
	GlobalSection(SolutionConfigurationPlatforms) = preSolution
		Debug|Any CPU = Debug|Any CPU
		Release|Any CPU = Release|Any CPU
	EndGlobalSection
	GlobalSection(ProjectConfigurationPlatforms) = postSolution
		{10E66AF7-517C-4270-B93C-691F757F1183}.Debug|Any CPU.ActiveCfg = Debug|Any CPU
		{10E66AF7-517C-4270-B93C-691F757F1183}.Debug|Any CPU.Build.0 = Debug|Any CPU
		{10E66AF7-517C-4270-B93C-691F757F1183}.Release|Any CPU.ActiveCfg = Release|Any CPU
		{10E66AF7-517C-4270-B93C-691F757F1183}.Release|Any CPU.Build.0 = Release|Any CPU
	EndGlobalSection
	GlobalSection(SolutionProperties) = preSolution
		HideSolutionNode = FALSE
	EndGlobalSection
	GlobalSection(ExtensibilityGlobals) = postSolution
		SolutionGuid = {49546290-CB15-48A3-A2FE-E933FA79A172}
	EndGlobalSection
EndGlobal
